dependencies:
  ethernet_init:
    component_hash: null
    source:
      path: /home/mark/sshfsmounts/private/Electronics/esp32/esp-idf/examples/ethernet/basic/components/ethernet_init
      type: local
    version: '*'
  idf:
    component_hash: null
    source:
      type: idf
    version: 5.3.0
manifest_hash: c939eec3a4d392b3be21c85545f86f14bf85af8b6a064cdd787274dea2712c0f
target: esp32
version: 1.0.0
