dependencies:
  ethernet_init:
    component_hash: null
    source:
      path: /home/mark/compile/esp32/esp-idf/examples/ethernet/basic/components/ethernet_init
      type: local
    version: '*'
  idf:
    component_hash: null
    source:
      type: idf
    version: 5.3.0
manifest_hash: 9e0dc61fcdc21ea5b2c4ea28256ea7259082f473dbe1cbd0988f77ae595bd4fc
target: esp32
version: 1.0.0
